<?xml version="1.0" encoding="utf-8"?>
<Project ToolsVersion="4.0" xmlns="http://schemas.microsoft.com/developer/msbuild/2003">
  <ItemGroup>
    <Filter Include="Archivos de origen">
      <UniqueIdentifier>{4FC737F1-C7A5-4376-A066-2A32D752A2FF}</UniqueIdentifier>
      <Extensions>cpp;c;cc;cxx;def;odl;idl;hpj;bat;asm;asmx</Extensions>
    </Filter>
    <Filter Include="Archivos de encabezado">
      <UniqueIdentifier>{93995380-89BD-4b04-88EB-625FBE52EBFB}</UniqueIdentifier>
      <Extensions>h;hh;hpp;hxx;hm;inl;inc;ipp;xsd</Extensions>
    </Filter>
    <Filter Include="Archivos de recursos">
      <UniqueIdentifier>{67DA6AB6-F800-4c08-8B7A-83BB121AAD01}</UniqueIdentifier>
      <Extensions>rc;ico;cur;bmp;dlg;rc2;rct;bin;rgs;gif;jpg;jpeg;jpe;resx;tiff;tif;png;wav;mfcribbon-ms</Extensions>
    </Filter>
    <Filter Include="targa">
      <UniqueIdentifier>{188f0a41-a47a-40a6-a1ad-fb7a5b6d3400}</UniqueIdentifier>
    </Filter>
    <Filter Include="Archivos de origen\bullet">
      <UniqueIdentifier>{b6208c7b-2c45-4cc7-940b-60ae27b0a68f}</UniqueIdentifier>
    </Filter>
  </ItemGroup>
  <ItemGroup>
    <ClCompile Include="..\..\code\sources\main.cpp">
      <Filter>Archivos de recursos</Filter>
    </ClCompile>
    <ClCompile Include="..\..\code\sources\Obj_Loader.cpp">
      <Filter>Archivos de recursos</Filter>
    </ClCompile>
    <ClCompile Include="..\..\code\sources\Mesh.cpp">
      <Filter>Archivos de recursos</Filter>
    </ClCompile>
    <ClCompile Include="..\..\code\sources\Scene.cpp">
      <Filter>Archivos de recursos</Filter>
    </ClCompile>
    <ClCompile Include="..\..\libraries\targa\src\targa.c">
      <Filter>targa</Filter>
    </ClCompile>
    <ClCompile Include="..\..\code\sources\Shader_Program.cpp">
      <Filter>Archivos de recursos</Filter>
    </ClCompile>
    <ClCompile Include="..\..\code\sources\Model.cpp">
      <Filter>Archivos de recursos</Filter>
    </ClCompile>
    <ClCompile Include="..\..\code\sources\Texture_Cube.cpp">
      <Filter>Archivos de recursos</Filter>
    </ClCompile>
    <ClCompile Include="..\..\code\sources\Skybox.cpp">
      <Filter>Archivos de recursos</Filter>
    </ClCompile>
    <ClCompile Include="..\..\code\sources\Shader.cpp">
      <Filter>Archivos de recursos</Filter>
    </ClCompile>
    <ClCompile Include="..\..\code\sources\Entity.cpp">
      <Filter>Archivos de recursos</Filter>
    </ClCompile>
    <ClCompile Include="..\..\code\sources\Vehicle.cpp">
      <Filter>Archivos de recursos</Filter>
    </ClCompile>
    <ClCompile Include="..\..\code\sources\Bullet_World_Controller.cpp">
      <Filter>Archivos de recursos</Filter>
    </ClCompile>
  </ItemGroup>
  <ItemGroup>
    <ClInclude Include="..\..\code\headers\Obj_Loader.hpp">
      <Filter>Archivos de origen</Filter>
    </ClInclude>
    <ClInclude Include="..\..\code\headers\Mesh.hpp">
      <Filter>Archivos de origen</Filter>
    </ClInclude>
    <ClInclude Include="..\..\code\headers\Scene.hpp">
      <Filter>Archivos de origen</Filter>
    </ClInclude>
    <ClInclude Include="..\..\code\headers\Color_Buffer.hpp">
      <Filter>Archivos de origen</Filter>
    </ClInclude>
    <ClInclude Include="..\..\code\headers\Color_Buffer_Rgba8888.hpp">
      <Filter>Archivos de origen</Filter>
    </ClInclude>
    <ClInclude Include="..\..\libraries\targa\include\targa.h">
      <Filter>targa</Filter>
    </ClInclude>
    <ClInclude Include="..\..\code\headers\Camera.hpp">
      <Filter>Archivos de origen</Filter>
    </ClInclude>
    <ClInclude Include="..\..\code\headers\Fragment_Shader.hpp">
      <Filter>Archivos de origen</Filter>
    </ClInclude>
    <ClInclude Include="..\..\code\headers\Shader.hpp">
      <Filter>Archivos de origen</Filter>
    </ClInclude>
    <ClInclude Include="..\..\code\headers\Shader_Program.hpp">
      <Filter>Archivos de origen</Filter>
    </ClInclude>
    <ClInclude Include="..\..\code\headers\Vertex_Shader.hpp">
      <Filter>Archivos de origen</Filter>
    </ClInclude>
    <ClInclude Include="..\..\code\headers\Model.hpp">
      <Filter>Archivos de origen</Filter>
    </ClInclude>
    <ClInclude Include="..\..\code\headers\Skybox.hpp">
      <Filter>Archivos de origen</Filter>
    </ClInclude>
    <ClInclude Include="..\..\code\headers\Texture_Cube.hpp">
      <Filter>Archivos de origen</Filter>
    </ClInclude>
    <ClInclude Include="..\..\code\headers\Bullet_World_Controller.hpp">
      <Filter>Archivos de origen\bullet</Filter>
    </ClInclude>
    <ClInclude Include="..\..\code\headers\Entity.hpp">
      <Filter>Archivos de origen\bullet</Filter>
    </ClInclude>
    <ClInclude Include="..\..\code\headers\Postprocessing.hpp">
      <Filter>Archivos de origen</Filter>
    </ClInclude>
    <ClInclude Include="..\..\code\headers\Vehicle.hpp">
      <Filter>Archivos de origen\bullet</Filter>
    </ClInclude>
  </ItemGroup>
</Project>